
Microsoft Visual Studio Solution File, Format Version 11.00
# Visual C++ Express 2010
Project("{8BC9CEB8-8B4A-11D0-8D11-00A0C91BC942}") = "Hashing", "Hashing\Hashing.vcxproj", "{A2A9A174-23D4-4F43-8DAB-E0DDB0123CD7}"
EndProject
Global
	GlobalSection(SolutionConfigurationPlatforms) = preSolution
		Debug|Win32 = Debug|Win32
		Release|Win32 = Release|Win32
	EndGlobalSection
	GlobalSection(ProjectConfigurationPlatforms) = postSolution
		{A2A9A174-23D4-4F43-8DAB-E0DDB0123CD7}.Debug|Win32.ActiveCfg = Debug|Win32
		{A2A9A174-23D4-4F43-8DAB-E0DDB0123CD7}.Debug|Win32.Build.0 = Debug|Win32
		{A2A9A174-23D4-4F43-8DAB-E0DDB0123CD7}.Release|Win32.ActiveCfg = Release|Win32
		{A2A9A174-23D4-4F43-8DAB-E0DDB0123CD7}.Release|Win32.Build.0 = Release|Win32
	EndGlobalSection
	GlobalSection(SolutionProperties) = preSolution
		HideSolutionNode = FALSE
	EndGlobalSection
EndGlobal
